
Microsoft Visual Studio Solution File, Format Version 12.00
# Visual Studio 2012
Project("{2150E333-8FDC-42A3-9474-1A3956D46DE8}") = "EventNotifier", "EventNotifier", "{233938AE-69F3-4CFD-9C9D-04FD5B1D140F}"
EndProject
Project("{FAE04EC0-301F-11D3-BF4B-00C04F79EFBC}") = "EventNotifier.Common", "EventNotifier\EventNotifier.Common\EventNotifier.Common.csproj", "{729B860F-6351-4D48-B06C-77B1B6D42DB0}"
EndProject
Project("{FAE04EC0-301F-11D3-BF4B-00C04F79EFBC}") = "EventNotifier.Service", "EventNotifier\EventNotifier.Service\EventNotifier.Service.csproj", "{C585080D-8A3C-49FD-AAAD-839F860F0824}"
EndProject
Project("{2150E333-8FDC-42A3-9474-1A3956D46DE8}") = "Plugins", "Plugins", "{3FB87207-78F5-47F6-8589-14AFCABFA957}"
EndProject
Project("{FAE04EC0-301F-11D3-BF4B-00C04F79EFBC}") = "Pushbullet", "EventNotifier\Plugins\PushBullet\Pushbullet.csproj", "{77605F14-13B1-409A-B577-941DD0871A6F}"
EndProject
Project("{FAE04EC0-301F-11D3-BF4B-00C04F79EFBC}") = "DesktopNotifier", "EventNotifier\Plugins\DesktopNotifier\DesktopNotifier.csproj", "{3189A247-E533-4E97-B26C-D065A0117881}"
EndProject
Project("{FAE04EC0-301F-11D3-BF4B-00C04F79EFBC}") = "CliSimulator", "EventNotifier\Simulator\CliSimulator\CliSimulator.csproj", "{93D3C299-1CA5-41F8-8341-36667200FD95}"
EndProject
Project("{2150E333-8FDC-42A3-9474-1A3956D46DE8}") = "Simulator", "Simulator", "{9893E173-1212-4856-A421-3C620FE70337}"
EndProject
Project("{FAE04EC0-301F-11D3-BF4B-00C04F79EFBC}") = "SimulatorCommon", "EventNotifier\Simulator\SimulatorCommon\SimulatorCommon.csproj", "{695B9B80-7637-40A6-A21F-EDF1C7BD04BB}"
EndProject
Project("{FAE04EC0-301F-11D3-BF4B-00C04F79EFBC}") = "WinForms", "EventNotifier\Simulator\WinForms\WinForms.csproj", "{64C4E65E-BBF7-4A3D-BBF1-778D4932076C}"
EndProject
Project("{FAE04EC0-301F-11D3-BF4B-00C04F79EFBC}") = "MessageQueuePublisher", "EventNotifier\MessageQueuePublisher\MessageQueuePublisher.csproj", "{93BBB5D7-8F22-47D3-A41A-DD85ACE94829}"
EndProject
Project("{FAE04EC0-301F-11D3-BF4B-00C04F79EFBC}") = "Messages", "Messages\Messages\Messages.csproj", "{ADF24A81-11A8-4CC5-8594-FBC9F91B5861}"
EndProject
Project("{FAE04EC0-301F-11D3-BF4B-00C04F79EFBC}") = "FruitHAP.Core", "FruitHAP.Core\FruitHAP.Core.csproj", "{7868342A-DF79-4E86-B522-7F63BCB0BA2E}"
EndProject
Project("{FAE04EC0-301F-11D3-BF4B-00C04F79EFBC}") = "FruitHAP.Common", "FruitHAP.Common\FruitHAP.Common.csproj", "{9C6519AB-BAA8-4833-AED7-687506CD240D}"
EndProject
Project("{FAE04EC0-301F-11D3-BF4B-00C04F79EFBC}") = "FruitHAP.Startup", "FruitHAP.Startup\FruitHAP.Startup.csproj", "{A4103C12-DB68-4A35-82D1-4483D4F82706}"
EndProject
Project("{2150E333-8FDC-42A3-9474-1A3956D46DE8}") = "KakuModule", "KakuModule", "{71145BA9-1B40-4A84-89BC-54EE2BD6C892}"
EndProject
Project("{FAE04EC0-301F-11D3-BF4B-00C04F79EFBC}") = "FruitHAP.SensorModule.Kaku", "FruitHAP.SensorModule.Kaku\FruitHAP.SensorModule.Kaku.csproj", "{2F4393AE-CBF5-452B-B68A-0F3596892A9B}"
EndProject
Global
	GlobalSection(SolutionConfigurationPlatforms) = preSolution
		Debug|Any CPU = Debug|Any CPU
		Release|Any CPU = Release|Any CPU
	EndGlobalSection
	GlobalSection(ProjectConfigurationPlatforms) = postSolution
		{729B860F-6351-4D48-B06C-77B1B6D42DB0}.Debug|Any CPU.ActiveCfg = Debug|Any CPU
		{729B860F-6351-4D48-B06C-77B1B6D42DB0}.Debug|Any CPU.Build.0 = Debug|Any CPU
		{729B860F-6351-4D48-B06C-77B1B6D42DB0}.Release|Any CPU.ActiveCfg = Release|Any CPU
		{729B860F-6351-4D48-B06C-77B1B6D42DB0}.Release|Any CPU.Build.0 = Release|Any CPU
		{C585080D-8A3C-49FD-AAAD-839F860F0824}.Debug|Any CPU.ActiveCfg = Debug|Any CPU
		{C585080D-8A3C-49FD-AAAD-839F860F0824}.Debug|Any CPU.Build.0 = Debug|Any CPU
		{C585080D-8A3C-49FD-AAAD-839F860F0824}.Release|Any CPU.ActiveCfg = Release|Any CPU
		{C585080D-8A3C-49FD-AAAD-839F860F0824}.Release|Any CPU.Build.0 = Release|Any CPU
		{77605F14-13B1-409A-B577-941DD0871A6F}.Debug|Any CPU.ActiveCfg = Debug|Any CPU
		{77605F14-13B1-409A-B577-941DD0871A6F}.Debug|Any CPU.Build.0 = Debug|Any CPU
		{77605F14-13B1-409A-B577-941DD0871A6F}.Release|Any CPU.ActiveCfg = Release|Any CPU
		{77605F14-13B1-409A-B577-941DD0871A6F}.Release|Any CPU.Build.0 = Release|Any CPU
		{3189A247-E533-4E97-B26C-D065A0117881}.Debug|Any CPU.ActiveCfg = Debug|Any CPU
		{3189A247-E533-4E97-B26C-D065A0117881}.Debug|Any CPU.Build.0 = Debug|Any CPU
		{3189A247-E533-4E97-B26C-D065A0117881}.Release|Any CPU.ActiveCfg = Release|Any CPU
		{3189A247-E533-4E97-B26C-D065A0117881}.Release|Any CPU.Build.0 = Release|Any CPU
		{93D3C299-1CA5-41F8-8341-36667200FD95}.Debug|Any CPU.ActiveCfg = Debug|Any CPU
		{93D3C299-1CA5-41F8-8341-36667200FD95}.Debug|Any CPU.Build.0 = Debug|Any CPU
		{93D3C299-1CA5-41F8-8341-36667200FD95}.Release|Any CPU.ActiveCfg = Release|Any CPU
		{93D3C299-1CA5-41F8-8341-36667200FD95}.Release|Any CPU.Build.0 = Release|Any CPU
		{695B9B80-7637-40A6-A21F-EDF1C7BD04BB}.Debug|Any CPU.ActiveCfg = Debug|Any CPU
		{695B9B80-7637-40A6-A21F-EDF1C7BD04BB}.Debug|Any CPU.Build.0 = Debug|Any CPU
		{695B9B80-7637-40A6-A21F-EDF1C7BD04BB}.Release|Any CPU.ActiveCfg = Release|Any CPU
		{695B9B80-7637-40A6-A21F-EDF1C7BD04BB}.Release|Any CPU.Build.0 = Release|Any CPU
		{64C4E65E-BBF7-4A3D-BBF1-778D4932076C}.Debug|Any CPU.ActiveCfg = Debug|Any CPU
		{64C4E65E-BBF7-4A3D-BBF1-778D4932076C}.Debug|Any CPU.Build.0 = Debug|Any CPU
		{64C4E65E-BBF7-4A3D-BBF1-778D4932076C}.Release|Any CPU.ActiveCfg = Release|Any CPU
		{64C4E65E-BBF7-4A3D-BBF1-778D4932076C}.Release|Any CPU.Build.0 = Release|Any CPU
		{93BBB5D7-8F22-47D3-A41A-DD85ACE94829}.Debug|Any CPU.ActiveCfg = Debug|Any CPU
		{93BBB5D7-8F22-47D3-A41A-DD85ACE94829}.Debug|Any CPU.Build.0 = Debug|Any CPU
		{93BBB5D7-8F22-47D3-A41A-DD85ACE94829}.Release|Any CPU.ActiveCfg = Release|Any CPU
		{93BBB5D7-8F22-47D3-A41A-DD85ACE94829}.Release|Any CPU.Build.0 = Release|Any CPU
		{ADF24A81-11A8-4CC5-8594-FBC9F91B5861}.Debug|Any CPU.ActiveCfg = Debug|Any CPU
		{ADF24A81-11A8-4CC5-8594-FBC9F91B5861}.Debug|Any CPU.Build.0 = Debug|Any CPU
		{ADF24A81-11A8-4CC5-8594-FBC9F91B5861}.Release|Any CPU.ActiveCfg = Release|Any CPU
		{ADF24A81-11A8-4CC5-8594-FBC9F91B5861}.Release|Any CPU.Build.0 = Release|Any CPU
		{7868342A-DF79-4E86-B522-7F63BCB0BA2E}.Debug|Any CPU.ActiveCfg = Debug|Any CPU
		{7868342A-DF79-4E86-B522-7F63BCB0BA2E}.Debug|Any CPU.Build.0 = Debug|Any CPU
		{7868342A-DF79-4E86-B522-7F63BCB0BA2E}.Release|Any CPU.ActiveCfg = Release|Any CPU
		{7868342A-DF79-4E86-B522-7F63BCB0BA2E}.Release|Any CPU.Build.0 = Release|Any CPU
		{9C6519AB-BAA8-4833-AED7-687506CD240D}.Debug|Any CPU.ActiveCfg = Debug|Any CPU
		{9C6519AB-BAA8-4833-AED7-687506CD240D}.Debug|Any CPU.Build.0 = Debug|Any CPU
		{9C6519AB-BAA8-4833-AED7-687506CD240D}.Release|Any CPU.ActiveCfg = Release|Any CPU
		{9C6519AB-BAA8-4833-AED7-687506CD240D}.Release|Any CPU.Build.0 = Release|Any CPU
		{A4103C12-DB68-4A35-82D1-4483D4F82706}.Debug|Any CPU.ActiveCfg = Debug|Any CPU
		{A4103C12-DB68-4A35-82D1-4483D4F82706}.Debug|Any CPU.Build.0 = Debug|Any CPU
		{A4103C12-DB68-4A35-82D1-4483D4F82706}.Release|Any CPU.ActiveCfg = Release|Any CPU
		{A4103C12-DB68-4A35-82D1-4483D4F82706}.Release|Any CPU.Build.0 = Release|Any CPU
		{2F4393AE-CBF5-452B-B68A-0F3596892A9B}.Debug|Any CPU.ActiveCfg = Debug|Any CPU
		{2F4393AE-CBF5-452B-B68A-0F3596892A9B}.Debug|Any CPU.Build.0 = Debug|Any CPU
		{2F4393AE-CBF5-452B-B68A-0F3596892A9B}.Release|Any CPU.ActiveCfg = Release|Any CPU
		{2F4393AE-CBF5-452B-B68A-0F3596892A9B}.Release|Any CPU.Build.0 = Release|Any CPU
	EndGlobalSection
	GlobalSection(SolutionProperties) = preSolution
		HideSolutionNode = FALSE
	EndGlobalSection
	GlobalSection(NestedProjects) = preSolution
		{729B860F-6351-4D48-B06C-77B1B6D42DB0} = {233938AE-69F3-4CFD-9C9D-04FD5B1D140F}
		{C585080D-8A3C-49FD-AAAD-839F860F0824} = {233938AE-69F3-4CFD-9C9D-04FD5B1D140F}
		{3FB87207-78F5-47F6-8589-14AFCABFA957} = {233938AE-69F3-4CFD-9C9D-04FD5B1D140F}
		{9893E173-1212-4856-A421-3C620FE70337} = {233938AE-69F3-4CFD-9C9D-04FD5B1D140F}
		{93BBB5D7-8F22-47D3-A41A-DD85ACE94829} = {233938AE-69F3-4CFD-9C9D-04FD5B1D140F}
		{77605F14-13B1-409A-B577-941DD0871A6F} = {3FB87207-78F5-47F6-8589-14AFCABFA957}
		{3189A247-E533-4E97-B26C-D065A0117881} = {3FB87207-78F5-47F6-8589-14AFCABFA957}
		{93D3C299-1CA5-41F8-8341-36667200FD95} = {9893E173-1212-4856-A421-3C620FE70337}
		{695B9B80-7637-40A6-A21F-EDF1C7BD04BB} = {9893E173-1212-4856-A421-3C620FE70337}
		{64C4E65E-BBF7-4A3D-BBF1-778D4932076C} = {9893E173-1212-4856-A421-3C620FE70337}
		{2F4393AE-CBF5-452B-B68A-0F3596892A9B} = {71145BA9-1B40-4A84-89BC-54EE2BD6C892}
	EndGlobalSection
EndGlobal
