
Microsoft Visual Studio Solution File, Format Version 12.00
# Visual Studio 2012
Project("{2150E333-8FDC-42A3-9474-1A3956D46DE8}") = "SensorProcessing", "SensorProcessing", "{F1B6D529-C2B3-4505-A440-2CE93868D83C}"
EndProject
Project("{FAE04EC0-301F-11D3-BF4B-00C04F79EFBC}") = "SensorProcessing.Common", "SensorProcessing\SensorProcessing.Common\SensorProcessing.Common.csproj", "{AE0EF050-DEE8-4BD7-B0A1-589C796102FB}"
EndProject
Project("{FAE04EC0-301F-11D3-BF4B-00C04F79EFBC}") = "SensorProcessing.Service", "SensorProcessing\SensorProcessing.Service\SensorProcessing.Service.csproj", "{E40DB61E-60D3-42E9-A4AC-32E931630D0B}"
EndProject
Project("{FAE04EC0-301F-11D3-BF4B-00C04F79EFBC}") = "SensorDevices", "SensorProcessing\SensorDevices\SensorDevices.csproj", "{7EFC587D-5A8D-4412-A4B3-B84844939245}"
EndProject
Project("{2150E333-8FDC-42A3-9474-1A3956D46DE8}") = "SensorBindings", "SensorBindings", "{42CC9492-440D-4931-ACC5-9538A54D4B1E}"
EndProject
Project("{FAE04EC0-301F-11D3-BF4B-00C04F79EFBC}") = "SensorBinding.RfxBinding", "SensorProcessing\SensorBindings\RFXBinding\SensorBinding.RfxBinding.csproj", "{4626921D-8978-4EB8-B2BE-5F1DFD40E701}"
EndProject
Project("{FAE04EC0-301F-11D3-BF4B-00C04F79EFBC}") = "SensorBinding.Tests", "SensorProcessing\SensorBindings\SensorBinding.Tests\SensorBinding.Tests.csproj", "{804FD7D2-AF6E-477A-9B33-AA75375A2C71}"
EndProject
Project("{2150E333-8FDC-42A3-9474-1A3956D46DE8}") = "Actions", "Actions", "{53AE7054-BB4C-472A-A0E1-8AD5E9FAB09E}"
EndProject
Project("{FAE04EC0-301F-11D3-BF4B-00C04F79EFBC}") = "SensorAction", "SensorProcessing\Actions\SensorAction\SensorAction.csproj", "{65FDA412-8ACB-4728-A47D-A825916CC542}"
EndProject
Project("{2150E333-8FDC-42A3-9474-1A3956D46DE8}") = "EventNotifier", "EventNotifier", "{233938AE-69F3-4CFD-9C9D-04FD5B1D140F}"
EndProject
Project("{FAE04EC0-301F-11D3-BF4B-00C04F79EFBC}") = "EventNotifier.Common", "EventNotifier\EventNotifier.Common\EventNotifier.Common.csproj", "{729B860F-6351-4D48-B06C-77B1B6D42DB0}"
EndProject
Project("{FAE04EC0-301F-11D3-BF4B-00C04F79EFBC}") = "EventNotifier.Service", "EventNotifier\EventNotifier.Service\EventNotifier.Service.csproj", "{C585080D-8A3C-49FD-AAAD-839F860F0824}"
EndProject
Project("{2150E333-8FDC-42A3-9474-1A3956D46DE8}") = "Plugins", "Plugins", "{3FB87207-78F5-47F6-8589-14AFCABFA957}"
EndProject
Project("{FAE04EC0-301F-11D3-BF4B-00C04F79EFBC}") = "Pushbullet", "EventNotifier\Plugins\PushBullet\Pushbullet.csproj", "{77605F14-13B1-409A-B577-941DD0871A6F}"
EndProject
Project("{FAE04EC0-301F-11D3-BF4B-00C04F79EFBC}") = "DesktopNotifier", "EventNotifier\Plugins\DesktopNotifier\DesktopNotifier.csproj", "{3189A247-E533-4E97-B26C-D065A0117881}"
EndProject
Project("{FAE04EC0-301F-11D3-BF4B-00C04F79EFBC}") = "CliSimulator", "EventNotifier\Simulator\CliSimulator\CliSimulator.csproj", "{93D3C299-1CA5-41F8-8341-36667200FD95}"
EndProject
Project("{2150E333-8FDC-42A3-9474-1A3956D46DE8}") = "Simulator", "Simulator", "{9893E173-1212-4856-A421-3C620FE70337}"
EndProject
Project("{FAE04EC0-301F-11D3-BF4B-00C04F79EFBC}") = "SimulatorCommon", "EventNotifier\Simulator\SimulatorCommon\SimulatorCommon.csproj", "{695B9B80-7637-40A6-A21F-EDF1C7BD04BB}"
EndProject
Project("{FAE04EC0-301F-11D3-BF4B-00C04F79EFBC}") = "WinForms", "EventNotifier\Simulator\WinForms\WinForms.csproj", "{64C4E65E-BBF7-4A3D-BBF1-778D4932076C}"
EndProject
Project("{FAE04EC0-301F-11D3-BF4B-00C04F79EFBC}") = "MessageQueuePublisher", "EventNotifier\MessageQueuePublisher\MessageQueuePublisher.csproj", "{93BBB5D7-8F22-47D3-A41A-DD85ACE94829}"
EndProject
Project("{FAE04EC0-301F-11D3-BF4B-00C04F79EFBC}") = "Messages", "Messages\Messages\Messages.csproj", "{ADF24A81-11A8-4CC5-8594-FBC9F91B5861}"
EndProject
Project("{FAE04EC0-301F-11D3-BF4B-00C04F79EFBC}") = "FruitHAP.Core", "FruitHAP.Core\FruitHAP.Core.csproj", "{7868342A-DF79-4E86-B522-7F63BCB0BA2E}"
EndProject
Project("{FAE04EC0-301F-11D3-BF4B-00C04F79EFBC}") = "FruitHAP.Common", "FruitHAP.Common\FruitHAP.Common.csproj", "{9C6519AB-BAA8-4833-AED7-687506CD240D}"
EndProject
Global
	GlobalSection(SolutionConfigurationPlatforms) = preSolution
		Debug|Any CPU = Debug|Any CPU
		Release|Any CPU = Release|Any CPU
	EndGlobalSection
	GlobalSection(ProjectConfigurationPlatforms) = postSolution
		{AE0EF050-DEE8-4BD7-B0A1-589C796102FB}.Debug|Any CPU.ActiveCfg = Debug|Any CPU
		{AE0EF050-DEE8-4BD7-B0A1-589C796102FB}.Debug|Any CPU.Build.0 = Debug|Any CPU
		{AE0EF050-DEE8-4BD7-B0A1-589C796102FB}.Release|Any CPU.ActiveCfg = Release|Any CPU
		{AE0EF050-DEE8-4BD7-B0A1-589C796102FB}.Release|Any CPU.Build.0 = Release|Any CPU
		{E40DB61E-60D3-42E9-A4AC-32E931630D0B}.Debug|Any CPU.ActiveCfg = Debug|Any CPU
		{E40DB61E-60D3-42E9-A4AC-32E931630D0B}.Debug|Any CPU.Build.0 = Debug|Any CPU
		{E40DB61E-60D3-42E9-A4AC-32E931630D0B}.Release|Any CPU.ActiveCfg = Release|Any CPU
		{E40DB61E-60D3-42E9-A4AC-32E931630D0B}.Release|Any CPU.Build.0 = Release|Any CPU
		{7EFC587D-5A8D-4412-A4B3-B84844939245}.Debug|Any CPU.ActiveCfg = Debug|Any CPU
		{7EFC587D-5A8D-4412-A4B3-B84844939245}.Debug|Any CPU.Build.0 = Debug|Any CPU
		{7EFC587D-5A8D-4412-A4B3-B84844939245}.Release|Any CPU.ActiveCfg = Release|Any CPU
		{7EFC587D-5A8D-4412-A4B3-B84844939245}.Release|Any CPU.Build.0 = Release|Any CPU
		{4626921D-8978-4EB8-B2BE-5F1DFD40E701}.Debug|Any CPU.ActiveCfg = Debug|Any CPU
		{4626921D-8978-4EB8-B2BE-5F1DFD40E701}.Debug|Any CPU.Build.0 = Debug|Any CPU
		{4626921D-8978-4EB8-B2BE-5F1DFD40E701}.Release|Any CPU.ActiveCfg = Release|Any CPU
		{4626921D-8978-4EB8-B2BE-5F1DFD40E701}.Release|Any CPU.Build.0 = Release|Any CPU
		{804FD7D2-AF6E-477A-9B33-AA75375A2C71}.Debug|Any CPU.ActiveCfg = Debug|Any CPU
		{804FD7D2-AF6E-477A-9B33-AA75375A2C71}.Debug|Any CPU.Build.0 = Debug|Any CPU
		{804FD7D2-AF6E-477A-9B33-AA75375A2C71}.Release|Any CPU.ActiveCfg = Release|Any CPU
		{804FD7D2-AF6E-477A-9B33-AA75375A2C71}.Release|Any CPU.Build.0 = Release|Any CPU
		{65FDA412-8ACB-4728-A47D-A825916CC542}.Debug|Any CPU.ActiveCfg = Debug|Any CPU
		{65FDA412-8ACB-4728-A47D-A825916CC542}.Debug|Any CPU.Build.0 = Debug|Any CPU
		{65FDA412-8ACB-4728-A47D-A825916CC542}.Release|Any CPU.ActiveCfg = Release|Any CPU
		{65FDA412-8ACB-4728-A47D-A825916CC542}.Release|Any CPU.Build.0 = Release|Any CPU
		{729B860F-6351-4D48-B06C-77B1B6D42DB0}.Debug|Any CPU.ActiveCfg = Debug|Any CPU
		{729B860F-6351-4D48-B06C-77B1B6D42DB0}.Debug|Any CPU.Build.0 = Debug|Any CPU
		{729B860F-6351-4D48-B06C-77B1B6D42DB0}.Release|Any CPU.ActiveCfg = Release|Any CPU
		{729B860F-6351-4D48-B06C-77B1B6D42DB0}.Release|Any CPU.Build.0 = Release|Any CPU
		{C585080D-8A3C-49FD-AAAD-839F860F0824}.Debug|Any CPU.ActiveCfg = Debug|Any CPU
		{C585080D-8A3C-49FD-AAAD-839F860F0824}.Debug|Any CPU.Build.0 = Debug|Any CPU
		{C585080D-8A3C-49FD-AAAD-839F860F0824}.Release|Any CPU.ActiveCfg = Release|Any CPU
		{C585080D-8A3C-49FD-AAAD-839F860F0824}.Release|Any CPU.Build.0 = Release|Any CPU
		{77605F14-13B1-409A-B577-941DD0871A6F}.Debug|Any CPU.ActiveCfg = Debug|Any CPU
		{77605F14-13B1-409A-B577-941DD0871A6F}.Debug|Any CPU.Build.0 = Debug|Any CPU
		{77605F14-13B1-409A-B577-941DD0871A6F}.Release|Any CPU.ActiveCfg = Release|Any CPU
		{77605F14-13B1-409A-B577-941DD0871A6F}.Release|Any CPU.Build.0 = Release|Any CPU
		{3189A247-E533-4E97-B26C-D065A0117881}.Debug|Any CPU.ActiveCfg = Debug|Any CPU
		{3189A247-E533-4E97-B26C-D065A0117881}.Debug|Any CPU.Build.0 = Debug|Any CPU
		{3189A247-E533-4E97-B26C-D065A0117881}.Release|Any CPU.ActiveCfg = Release|Any CPU
		{3189A247-E533-4E97-B26C-D065A0117881}.Release|Any CPU.Build.0 = Release|Any CPU
		{93D3C299-1CA5-41F8-8341-36667200FD95}.Debug|Any CPU.ActiveCfg = Debug|Any CPU
		{93D3C299-1CA5-41F8-8341-36667200FD95}.Debug|Any CPU.Build.0 = Debug|Any CPU
		{93D3C299-1CA5-41F8-8341-36667200FD95}.Release|Any CPU.ActiveCfg = Release|Any CPU
		{93D3C299-1CA5-41F8-8341-36667200FD95}.Release|Any CPU.Build.0 = Release|Any CPU
		{695B9B80-7637-40A6-A21F-EDF1C7BD04BB}.Debug|Any CPU.ActiveCfg = Debug|Any CPU
		{695B9B80-7637-40A6-A21F-EDF1C7BD04BB}.Debug|Any CPU.Build.0 = Debug|Any CPU
		{695B9B80-7637-40A6-A21F-EDF1C7BD04BB}.Release|Any CPU.ActiveCfg = Release|Any CPU
		{695B9B80-7637-40A6-A21F-EDF1C7BD04BB}.Release|Any CPU.Build.0 = Release|Any CPU
		{64C4E65E-BBF7-4A3D-BBF1-778D4932076C}.Debug|Any CPU.ActiveCfg = Debug|Any CPU
		{64C4E65E-BBF7-4A3D-BBF1-778D4932076C}.Debug|Any CPU.Build.0 = Debug|Any CPU
		{64C4E65E-BBF7-4A3D-BBF1-778D4932076C}.Release|Any CPU.ActiveCfg = Release|Any CPU
		{64C4E65E-BBF7-4A3D-BBF1-778D4932076C}.Release|Any CPU.Build.0 = Release|Any CPU
		{93BBB5D7-8F22-47D3-A41A-DD85ACE94829}.Debug|Any CPU.ActiveCfg = Debug|Any CPU
		{93BBB5D7-8F22-47D3-A41A-DD85ACE94829}.Debug|Any CPU.Build.0 = Debug|Any CPU
		{93BBB5D7-8F22-47D3-A41A-DD85ACE94829}.Release|Any CPU.ActiveCfg = Release|Any CPU
		{93BBB5D7-8F22-47D3-A41A-DD85ACE94829}.Release|Any CPU.Build.0 = Release|Any CPU
		{ADF24A81-11A8-4CC5-8594-FBC9F91B5861}.Debug|Any CPU.ActiveCfg = Debug|Any CPU
		{ADF24A81-11A8-4CC5-8594-FBC9F91B5861}.Debug|Any CPU.Build.0 = Debug|Any CPU
		{ADF24A81-11A8-4CC5-8594-FBC9F91B5861}.Release|Any CPU.ActiveCfg = Release|Any CPU
		{ADF24A81-11A8-4CC5-8594-FBC9F91B5861}.Release|Any CPU.Build.0 = Release|Any CPU
		{7868342A-DF79-4E86-B522-7F63BCB0BA2E}.Debug|Any CPU.ActiveCfg = Debug|Any CPU
		{7868342A-DF79-4E86-B522-7F63BCB0BA2E}.Debug|Any CPU.Build.0 = Debug|Any CPU
		{7868342A-DF79-4E86-B522-7F63BCB0BA2E}.Release|Any CPU.ActiveCfg = Release|Any CPU
		{7868342A-DF79-4E86-B522-7F63BCB0BA2E}.Release|Any CPU.Build.0 = Release|Any CPU
		{9C6519AB-BAA8-4833-AED7-687506CD240D}.Debug|Any CPU.ActiveCfg = Debug|Any CPU
		{9C6519AB-BAA8-4833-AED7-687506CD240D}.Debug|Any CPU.Build.0 = Debug|Any CPU
		{9C6519AB-BAA8-4833-AED7-687506CD240D}.Release|Any CPU.ActiveCfg = Release|Any CPU
		{9C6519AB-BAA8-4833-AED7-687506CD240D}.Release|Any CPU.Build.0 = Release|Any CPU
	EndGlobalSection
	GlobalSection(SolutionProperties) = preSolution
		HideSolutionNode = FALSE
	EndGlobalSection
	GlobalSection(NestedProjects) = preSolution
		{AE0EF050-DEE8-4BD7-B0A1-589C796102FB} = {F1B6D529-C2B3-4505-A440-2CE93868D83C}
		{E40DB61E-60D3-42E9-A4AC-32E931630D0B} = {F1B6D529-C2B3-4505-A440-2CE93868D83C}
		{7EFC587D-5A8D-4412-A4B3-B84844939245} = {F1B6D529-C2B3-4505-A440-2CE93868D83C}
		{42CC9492-440D-4931-ACC5-9538A54D4B1E} = {F1B6D529-C2B3-4505-A440-2CE93868D83C}
		{53AE7054-BB4C-472A-A0E1-8AD5E9FAB09E} = {F1B6D529-C2B3-4505-A440-2CE93868D83C}
		{4626921D-8978-4EB8-B2BE-5F1DFD40E701} = {42CC9492-440D-4931-ACC5-9538A54D4B1E}
		{804FD7D2-AF6E-477A-9B33-AA75375A2C71} = {42CC9492-440D-4931-ACC5-9538A54D4B1E}
		{65FDA412-8ACB-4728-A47D-A825916CC542} = {53AE7054-BB4C-472A-A0E1-8AD5E9FAB09E}
		{729B860F-6351-4D48-B06C-77B1B6D42DB0} = {233938AE-69F3-4CFD-9C9D-04FD5B1D140F}
		{C585080D-8A3C-49FD-AAAD-839F860F0824} = {233938AE-69F3-4CFD-9C9D-04FD5B1D140F}
		{3FB87207-78F5-47F6-8589-14AFCABFA957} = {233938AE-69F3-4CFD-9C9D-04FD5B1D140F}
		{9893E173-1212-4856-A421-3C620FE70337} = {233938AE-69F3-4CFD-9C9D-04FD5B1D140F}
		{93BBB5D7-8F22-47D3-A41A-DD85ACE94829} = {233938AE-69F3-4CFD-9C9D-04FD5B1D140F}
		{77605F14-13B1-409A-B577-941DD0871A6F} = {3FB87207-78F5-47F6-8589-14AFCABFA957}
		{3189A247-E533-4E97-B26C-D065A0117881} = {3FB87207-78F5-47F6-8589-14AFCABFA957}
		{93D3C299-1CA5-41F8-8341-36667200FD95} = {9893E173-1212-4856-A421-3C620FE70337}
		{695B9B80-7637-40A6-A21F-EDF1C7BD04BB} = {9893E173-1212-4856-A421-3C620FE70337}
		{64C4E65E-BBF7-4A3D-BBF1-778D4932076C} = {9893E173-1212-4856-A421-3C620FE70337}
	EndGlobalSection
EndGlobal
