
Microsoft Visual Studio Solution File, Format Version 12.00
# Visual Studio 2012
Project("{2150E333-8FDC-42A3-9474-1A3956D46DE8}") = "Engine", "Engine", "{1D1CDC74-59E8-4B2F-A5FD-4780ACCD5E44}"
EndProject
Project("{FAE04EC0-301F-11D3-BF4B-00C04F79EFBC}") = "FruitHAP.Common", "FruitHAP.Common\FruitHAP.Common.csproj", "{179D28CA-9963-44F8-8073-845126C982CA}"
EndProject
Project("{FAE04EC0-301F-11D3-BF4B-00C04F79EFBC}") = "FruitHAP.Core", "FruitHAP.Core\FruitHAP.Core.csproj", "{EBEF2FB9-9739-4169-9713-7EFC7B2B8E14}"
EndProject
Project("{FAE04EC0-301F-11D3-BF4B-00C04F79EFBC}") = "FruitHAP.Startup", "FruitHAP.Startup\FruitHAP.Startup.csproj", "{98529DDE-9A39-452F-A8B4-EB77DE9ACD90}"
EndProject
Project("{2150E333-8FDC-42A3-9474-1A3956D46DE8}") = "SensorModules", "SensorModules", "{94A5F6FF-31B4-4EA1-95D2-4BB20354C4FE}"
EndProject
Project("{FAE04EC0-301F-11D3-BF4B-00C04F79EFBC}") = "FruitHAP.SensorModule.IpCamera", "..\SensorModules\FruitHAP.SensorModule.IpCamera\FruitHAP.SensorModule.IpCamera.csproj", "{CAB41A10-14B4-4F82-B44E-DEB857810875}"
EndProject
Project("{FAE04EC0-301F-11D3-BF4B-00C04F79EFBC}") = "FruitHAP.SensorModule.Kaku", "..\SensorModules\FruitHAP.SensorModule.Kaku\FruitHAP.SensorModule.Kaku.csproj", "{2F4393AE-CBF5-452B-B68A-0F3596892A9B}"
EndProject
Project("{2150E333-8FDC-42A3-9474-1A3956D46DE8}") = "Actions", "Actions", "{652D4A1C-5BF2-42F1-96B4-26E5DBA308AA}"
EndProject
Project("{FAE04EC0-301F-11D3-BF4B-00C04F79EFBC}") = "FruitHap.MyActions", "..\Actions\FruitHap.MyActions\FruitHap.MyActions.csproj", "{42ACC4FF-8D7A-42B0-8AD1-131EB0DB75BA}"
EndProject
Global
	GlobalSection(SolutionConfigurationPlatforms) = preSolution
		Debug|Any CPU = Debug|Any CPU
		Release|Any CPU = Release|Any CPU
	EndGlobalSection
	GlobalSection(ProjectConfigurationPlatforms) = postSolution
		{179D28CA-9963-44F8-8073-845126C982CA}.Debug|Any CPU.ActiveCfg = Debug|Any CPU
		{179D28CA-9963-44F8-8073-845126C982CA}.Debug|Any CPU.Build.0 = Debug|Any CPU
		{179D28CA-9963-44F8-8073-845126C982CA}.Release|Any CPU.ActiveCfg = Release|Any CPU
		{179D28CA-9963-44F8-8073-845126C982CA}.Release|Any CPU.Build.0 = Release|Any CPU
		{2F4393AE-CBF5-452B-B68A-0F3596892A9B}.Debug|Any CPU.ActiveCfg = Debug|Any CPU
		{2F4393AE-CBF5-452B-B68A-0F3596892A9B}.Debug|Any CPU.Build.0 = Debug|Any CPU
		{2F4393AE-CBF5-452B-B68A-0F3596892A9B}.Release|Any CPU.ActiveCfg = Release|Any CPU
		{2F4393AE-CBF5-452B-B68A-0F3596892A9B}.Release|Any CPU.Build.0 = Release|Any CPU
		{42ACC4FF-8D7A-42B0-8AD1-131EB0DB75BA}.Debug|Any CPU.ActiveCfg = Debug|Any CPU
		{42ACC4FF-8D7A-42B0-8AD1-131EB0DB75BA}.Debug|Any CPU.Build.0 = Debug|Any CPU
		{42ACC4FF-8D7A-42B0-8AD1-131EB0DB75BA}.Release|Any CPU.ActiveCfg = Release|Any CPU
		{42ACC4FF-8D7A-42B0-8AD1-131EB0DB75BA}.Release|Any CPU.Build.0 = Release|Any CPU
		{98529DDE-9A39-452F-A8B4-EB77DE9ACD90}.Debug|Any CPU.ActiveCfg = Debug|Any CPU
		{98529DDE-9A39-452F-A8B4-EB77DE9ACD90}.Debug|Any CPU.Build.0 = Debug|Any CPU
		{98529DDE-9A39-452F-A8B4-EB77DE9ACD90}.Release|Any CPU.ActiveCfg = Release|Any CPU
		{98529DDE-9A39-452F-A8B4-EB77DE9ACD90}.Release|Any CPU.Build.0 = Release|Any CPU
		{CAB41A10-14B4-4F82-B44E-DEB857810875}.Debug|Any CPU.ActiveCfg = Debug|Any CPU
		{CAB41A10-14B4-4F82-B44E-DEB857810875}.Debug|Any CPU.Build.0 = Debug|Any CPU
		{CAB41A10-14B4-4F82-B44E-DEB857810875}.Release|Any CPU.ActiveCfg = Release|Any CPU
		{CAB41A10-14B4-4F82-B44E-DEB857810875}.Release|Any CPU.Build.0 = Release|Any CPU
		{EBEF2FB9-9739-4169-9713-7EFC7B2B8E14}.Debug|Any CPU.ActiveCfg = Debug|Any CPU
		{EBEF2FB9-9739-4169-9713-7EFC7B2B8E14}.Debug|Any CPU.Build.0 = Debug|Any CPU
		{EBEF2FB9-9739-4169-9713-7EFC7B2B8E14}.Release|Any CPU.ActiveCfg = Release|Any CPU
		{EBEF2FB9-9739-4169-9713-7EFC7B2B8E14}.Release|Any CPU.Build.0 = Release|Any CPU
	EndGlobalSection
	GlobalSection(NestedProjects) = preSolution
		{179D28CA-9963-44F8-8073-845126C982CA} = {1D1CDC74-59E8-4B2F-A5FD-4780ACCD5E44}
		{EBEF2FB9-9739-4169-9713-7EFC7B2B8E14} = {1D1CDC74-59E8-4B2F-A5FD-4780ACCD5E44}
		{98529DDE-9A39-452F-A8B4-EB77DE9ACD90} = {1D1CDC74-59E8-4B2F-A5FD-4780ACCD5E44}
		{CAB41A10-14B4-4F82-B44E-DEB857810875} = {94A5F6FF-31B4-4EA1-95D2-4BB20354C4FE}
		{2F4393AE-CBF5-452B-B68A-0F3596892A9B} = {94A5F6FF-31B4-4EA1-95D2-4BB20354C4FE}
		{42ACC4FF-8D7A-42B0-8AD1-131EB0DB75BA} = {652D4A1C-5BF2-42F1-96B4-26E5DBA308AA}
	EndGlobalSection
	GlobalSection(SolutionProperties) = preSolution
		HideSolutionNode = FALSE
	EndGlobalSection
EndGlobal
