
Microsoft Visual Studio Solution File, Format Version 12.00
# Visual Studio 2012
Project("{FAE04EC0-301F-11D3-BF4B-00C04F79EFBC}") = "FruitHAP.Common", "FruitHAP.Common\FruitHAP.Common.csproj", "{179D28CA-9963-44F8-8073-845126C982CA}"
EndProject
Project("{FAE04EC0-301F-11D3-BF4B-00C04F79EFBC}") = "FruitHAP.Core", "FruitHAP.Core\FruitHAP.Core.csproj", "{EBEF2FB9-9739-4169-9713-7EFC7B2B8E14}"
EndProject
Project("{FAE04EC0-301F-11D3-BF4B-00C04F79EFBC}") = "FruitHAP.Startup", "FruitHAP.Startup\FruitHAP.Startup.csproj", "{98529DDE-9A39-452F-A8B4-EB77DE9ACD90}"
EndProject
Global
	GlobalSection(SolutionConfigurationPlatforms) = preSolution
		Debug|Any CPU = Debug|Any CPU
		Release|Any CPU = Release|Any CPU
	EndGlobalSection
	GlobalSection(ProjectConfigurationPlatforms) = postSolution
		{179D28CA-9963-44F8-8073-845126C982CA}.Debug|Any CPU.ActiveCfg = Debug|Any CPU
		{179D28CA-9963-44F8-8073-845126C982CA}.Debug|Any CPU.Build.0 = Debug|Any CPU
		{179D28CA-9963-44F8-8073-845126C982CA}.Release|Any CPU.ActiveCfg = Release|Any CPU
		{179D28CA-9963-44F8-8073-845126C982CA}.Release|Any CPU.Build.0 = Release|Any CPU
		{98529DDE-9A39-452F-A8B4-EB77DE9ACD90}.Debug|Any CPU.ActiveCfg = Debug|Any CPU
		{98529DDE-9A39-452F-A8B4-EB77DE9ACD90}.Debug|Any CPU.Build.0 = Debug|Any CPU
		{98529DDE-9A39-452F-A8B4-EB77DE9ACD90}.Release|Any CPU.ActiveCfg = Release|Any CPU
		{98529DDE-9A39-452F-A8B4-EB77DE9ACD90}.Release|Any CPU.Build.0 = Release|Any CPU
		{EBEF2FB9-9739-4169-9713-7EFC7B2B8E14}.Debug|Any CPU.ActiveCfg = Debug|Any CPU
		{EBEF2FB9-9739-4169-9713-7EFC7B2B8E14}.Debug|Any CPU.Build.0 = Debug|Any CPU
		{EBEF2FB9-9739-4169-9713-7EFC7B2B8E14}.Release|Any CPU.ActiveCfg = Release|Any CPU
		{EBEF2FB9-9739-4169-9713-7EFC7B2B8E14}.Release|Any CPU.Build.0 = Release|Any CPU
	EndGlobalSection
	GlobalSection(SolutionProperties) = preSolution
		HideSolutionNode = FALSE
	EndGlobalSection
EndGlobal
