
Microsoft Visual Studio Solution File, Format Version 12.00
# Visual Studio 2012
Project("{2150E333-8FDC-42A3-9474-1A3956D46DE8}") = "Engine", "Engine", "{1D1CDC74-59E8-4B2F-A5FD-4780ACCD5E44}"
EndProject
Project("{FAE04EC0-301F-11D3-BF4B-00C04F79EFBC}") = "FruitHAP.Common", "FruitHAP.Common\FruitHAP.Common.csproj", "{179D28CA-9963-44F8-8073-845126C982CA}"
EndProject
Project("{FAE04EC0-301F-11D3-BF4B-00C04F79EFBC}") = "FruitHAP.Core", "FruitHAP.Core\FruitHAP.Core.csproj", "{EBEF2FB9-9739-4169-9713-7EFC7B2B8E14}"
EndProject
Project("{FAE04EC0-301F-11D3-BF4B-00C04F79EFBC}") = "FruitHAP.Startup", "FruitHAP.Startup\FruitHAP.Startup.csproj", "{98529DDE-9A39-452F-A8B4-EB77DE9ACD90}"
EndProject
Project("{2150E333-8FDC-42A3-9474-1A3956D46DE8}") = "Actions", "Actions", "{652D4A1C-5BF2-42F1-96B4-26E5DBA308AA}"
EndProject
Project("{FAE04EC0-301F-11D3-BF4B-00C04F79EFBC}") = "FruitHap.StandardActions", "..\Actions\FruitHap.StandardActions\FruitHap.StandardActions.csproj", "{BCB34030-A253-4FD3-B2E6-3E5F9292B049}"
EndProject
Project("{2150E333-8FDC-42A3-9474-1A3956D46DE8}") = "Sensors", "Sensors", "{AB5E0365-0F46-4C15-8459-B706FDA38D39}"
EndProject
Project("{FAE04EC0-301F-11D3-BF4B-00C04F79EFBC}") = "FruitHAP.Sensor.KaKu", "..\Sensors\FruitHAP.Sensor.KaKu\FruitHAP.Sensor.KaKu.csproj", "{2704F434-6860-4625-AC2E-B5AC78F7EC87}"
EndProject
Project("{FAE04EC0-301F-11D3-BF4B-00C04F79EFBC}") = "FruitHAP.Sensor.IpCamera", "..\Sensors\FruitHAP.Sensor.IpCamera\FruitHAP.Sensor.IpCamera.csproj", "{93DB46F5-FFCC-44A9-BBB4-8C2FE22BB4A3}"
EndProject
Project("{FAE04EC0-301F-11D3-BF4B-00C04F79EFBC}") = "FruitHAP.Sensor.Aggregated", "..\Sensors\FruitHAP.Sensor.Aggregated\FruitHAP.Sensor.Aggregated.csproj", "{7BB8A85C-F11F-402E-915B-E3622A65D8F2}"
EndProject
Project("{2150E333-8FDC-42A3-9474-1A3956D46DE8}") = "Controllers", "Controllers", "{C1A866C5-C76B-4864-B823-817EF7696245}"
EndProject
Project("{FAE04EC0-301F-11D3-BF4B-00C04F79EFBC}") = "FruitHAP.Controller.Rfx", "..\Controllers\FruitHAP.Controller.Rfx\FruitHAP.Controller.Rfx.csproj", "{BDCC7DF3-7089-4361-AAA4-0290DC5C4315}"
EndProject
Global
	GlobalSection(SolutionConfigurationPlatforms) = preSolution
		Debug|Any CPU = Debug|Any CPU
		Release|Any CPU = Release|Any CPU
	EndGlobalSection
	GlobalSection(ProjectConfigurationPlatforms) = postSolution
		{179D28CA-9963-44F8-8073-845126C982CA}.Debug|Any CPU.ActiveCfg = Debug|Any CPU
		{179D28CA-9963-44F8-8073-845126C982CA}.Debug|Any CPU.Build.0 = Debug|Any CPU
		{179D28CA-9963-44F8-8073-845126C982CA}.Release|Any CPU.ActiveCfg = Release|Any CPU
		{179D28CA-9963-44F8-8073-845126C982CA}.Release|Any CPU.Build.0 = Release|Any CPU
		{2704F434-6860-4625-AC2E-B5AC78F7EC87}.Debug|Any CPU.ActiveCfg = Debug|Any CPU
		{2704F434-6860-4625-AC2E-B5AC78F7EC87}.Debug|Any CPU.Build.0 = Debug|Any CPU
		{2704F434-6860-4625-AC2E-B5AC78F7EC87}.Release|Any CPU.ActiveCfg = Release|Any CPU
		{2704F434-6860-4625-AC2E-B5AC78F7EC87}.Release|Any CPU.Build.0 = Release|Any CPU
		{7BB8A85C-F11F-402E-915B-E3622A65D8F2}.Debug|Any CPU.ActiveCfg = Debug|Any CPU
		{7BB8A85C-F11F-402E-915B-E3622A65D8F2}.Debug|Any CPU.Build.0 = Debug|Any CPU
		{7BB8A85C-F11F-402E-915B-E3622A65D8F2}.Release|Any CPU.ActiveCfg = Release|Any CPU
		{7BB8A85C-F11F-402E-915B-E3622A65D8F2}.Release|Any CPU.Build.0 = Release|Any CPU
		{93DB46F5-FFCC-44A9-BBB4-8C2FE22BB4A3}.Debug|Any CPU.ActiveCfg = Debug|Any CPU
		{93DB46F5-FFCC-44A9-BBB4-8C2FE22BB4A3}.Debug|Any CPU.Build.0 = Debug|Any CPU
		{93DB46F5-FFCC-44A9-BBB4-8C2FE22BB4A3}.Release|Any CPU.ActiveCfg = Release|Any CPU
		{93DB46F5-FFCC-44A9-BBB4-8C2FE22BB4A3}.Release|Any CPU.Build.0 = Release|Any CPU
		{98529DDE-9A39-452F-A8B4-EB77DE9ACD90}.Debug|Any CPU.ActiveCfg = Debug|Any CPU
		{98529DDE-9A39-452F-A8B4-EB77DE9ACD90}.Debug|Any CPU.Build.0 = Debug|Any CPU
		{98529DDE-9A39-452F-A8B4-EB77DE9ACD90}.Release|Any CPU.ActiveCfg = Release|Any CPU
		{98529DDE-9A39-452F-A8B4-EB77DE9ACD90}.Release|Any CPU.Build.0 = Release|Any CPU
		{BCB34030-A253-4FD3-B2E6-3E5F9292B049}.Debug|Any CPU.ActiveCfg = Debug|Any CPU
		{BCB34030-A253-4FD3-B2E6-3E5F9292B049}.Debug|Any CPU.Build.0 = Debug|Any CPU
		{BCB34030-A253-4FD3-B2E6-3E5F9292B049}.Release|Any CPU.ActiveCfg = Release|Any CPU
		{BCB34030-A253-4FD3-B2E6-3E5F9292B049}.Release|Any CPU.Build.0 = Release|Any CPU
		{BDCC7DF3-7089-4361-AAA4-0290DC5C4315}.Debug|Any CPU.ActiveCfg = Debug|Any CPU
		{BDCC7DF3-7089-4361-AAA4-0290DC5C4315}.Debug|Any CPU.Build.0 = Debug|Any CPU
		{BDCC7DF3-7089-4361-AAA4-0290DC5C4315}.Release|Any CPU.ActiveCfg = Release|Any CPU
		{BDCC7DF3-7089-4361-AAA4-0290DC5C4315}.Release|Any CPU.Build.0 = Release|Any CPU
		{EBEF2FB9-9739-4169-9713-7EFC7B2B8E14}.Debug|Any CPU.ActiveCfg = Debug|Any CPU
		{EBEF2FB9-9739-4169-9713-7EFC7B2B8E14}.Debug|Any CPU.Build.0 = Debug|Any CPU
		{EBEF2FB9-9739-4169-9713-7EFC7B2B8E14}.Release|Any CPU.ActiveCfg = Release|Any CPU
		{EBEF2FB9-9739-4169-9713-7EFC7B2B8E14}.Release|Any CPU.Build.0 = Release|Any CPU
	EndGlobalSection
	GlobalSection(NestedProjects) = preSolution
		{179D28CA-9963-44F8-8073-845126C982CA} = {1D1CDC74-59E8-4B2F-A5FD-4780ACCD5E44}
		{EBEF2FB9-9739-4169-9713-7EFC7B2B8E14} = {1D1CDC74-59E8-4B2F-A5FD-4780ACCD5E44}
		{98529DDE-9A39-452F-A8B4-EB77DE9ACD90} = {1D1CDC74-59E8-4B2F-A5FD-4780ACCD5E44}
		{BCB34030-A253-4FD3-B2E6-3E5F9292B049} = {652D4A1C-5BF2-42F1-96B4-26E5DBA308AA}
		{2704F434-6860-4625-AC2E-B5AC78F7EC87} = {AB5E0365-0F46-4C15-8459-B706FDA38D39}
		{93DB46F5-FFCC-44A9-BBB4-8C2FE22BB4A3} = {AB5E0365-0F46-4C15-8459-B706FDA38D39}
		{7BB8A85C-F11F-402E-915B-E3622A65D8F2} = {AB5E0365-0F46-4C15-8459-B706FDA38D39}
		{BDCC7DF3-7089-4361-AAA4-0290DC5C4315} = {C1A866C5-C76B-4864-B823-817EF7696245}
	EndGlobalSection
	GlobalSection(SolutionProperties) = preSolution
		HideSolutionNode = FALSE
	EndGlobalSection
EndGlobal
