
Microsoft Visual Studio Solution File, Format Version 12.00
# Visual Studio 2012
Project("{2150E333-8FDC-42A3-9474-1A3956D46DE8}") = ".nuget", ".nuget", "{F74B7D0C-FA95-407C-9F05-18178C0551E5}"
	ProjectSection(SolutionItems) = preProject
		.nuget\packages.config = .nuget\packages.config
	EndProjectSection
EndProject
Project("{FAE04EC0-301F-11D3-BF4B-00C04F79EFBC}") = "SensorProcessing.Common", "SensorProcessing.Common\SensorProcessing.Common.csproj", "{AE0EF050-DEE8-4BD7-B0A1-589C796102FB}"
EndProject
Project("{2150E333-8FDC-42A3-9474-1A3956D46DE8}") = "SensorBindings", "SensorBindings", "{2E6AB716-8C39-436A-9708-1E7948391708}"
EndProject
Project("{FAE04EC0-301F-11D3-BF4B-00C04F79EFBC}") = "SensorBinding.RfxBinding", "SensorBindings\RFXBinding\SensorBinding.RfxBinding.csproj", "{4626921D-8978-4EB8-B2BE-5F1DFD40E701}"
EndProject
Project("{FAE04EC0-301F-11D3-BF4B-00C04F79EFBC}") = "SensorBinding.Tests", "SensorBindings\SensorBinding.Tests\SensorBinding.Tests.csproj", "{804FD7D2-AF6E-477A-9B33-AA75375A2C71}"
EndProject
Project("{FAE04EC0-301F-11D3-BF4B-00C04F79EFBC}") = "SensorProcessing.Service", "SensorProcessing.Service\SensorProcessing.Service.csproj", "{E40DB61E-60D3-42E9-A4AC-32E931630D0B}"
EndProject
Project("{2150E333-8FDC-42A3-9474-1A3956D46DE8}") = "Actions", "Actions", "{72AB7DF7-67EA-4194-9E3C-365BF5E2CF5E}"
EndProject
Project("{FAE04EC0-301F-11D3-BF4B-00C04F79EFBC}") = "SensorAction", "SensorAction\SensorAction.csproj", "{65FDA412-8ACB-4728-A47D-A825916CC542}"
EndProject
Global
	GlobalSection(SolutionConfigurationPlatforms) = preSolution
		Debug|Any CPU = Debug|Any CPU
		Release|Any CPU = Release|Any CPU
	EndGlobalSection
	GlobalSection(ProjectConfigurationPlatforms) = postSolution
		{AE0EF050-DEE8-4BD7-B0A1-589C796102FB}.Debug|Any CPU.ActiveCfg = Debug|Any CPU
		{AE0EF050-DEE8-4BD7-B0A1-589C796102FB}.Debug|Any CPU.Build.0 = Debug|Any CPU
		{AE0EF050-DEE8-4BD7-B0A1-589C796102FB}.Release|Any CPU.ActiveCfg = Release|Any CPU
		{AE0EF050-DEE8-4BD7-B0A1-589C796102FB}.Release|Any CPU.Build.0 = Release|Any CPU
		{4626921D-8978-4EB8-B2BE-5F1DFD40E701}.Debug|Any CPU.ActiveCfg = Debug|Any CPU
		{4626921D-8978-4EB8-B2BE-5F1DFD40E701}.Debug|Any CPU.Build.0 = Debug|Any CPU
		{4626921D-8978-4EB8-B2BE-5F1DFD40E701}.Release|Any CPU.ActiveCfg = Release|Any CPU
		{4626921D-8978-4EB8-B2BE-5F1DFD40E701}.Release|Any CPU.Build.0 = Release|Any CPU
		{804FD7D2-AF6E-477A-9B33-AA75375A2C71}.Debug|Any CPU.ActiveCfg = Debug|Any CPU
		{804FD7D2-AF6E-477A-9B33-AA75375A2C71}.Debug|Any CPU.Build.0 = Debug|Any CPU
		{804FD7D2-AF6E-477A-9B33-AA75375A2C71}.Release|Any CPU.ActiveCfg = Release|Any CPU
		{804FD7D2-AF6E-477A-9B33-AA75375A2C71}.Release|Any CPU.Build.0 = Release|Any CPU
		{E40DB61E-60D3-42E9-A4AC-32E931630D0B}.Debug|Any CPU.ActiveCfg = Debug|Any CPU
		{E40DB61E-60D3-42E9-A4AC-32E931630D0B}.Debug|Any CPU.Build.0 = Debug|Any CPU
		{E40DB61E-60D3-42E9-A4AC-32E931630D0B}.Release|Any CPU.ActiveCfg = Release|Any CPU
		{E40DB61E-60D3-42E9-A4AC-32E931630D0B}.Release|Any CPU.Build.0 = Release|Any CPU
		{65FDA412-8ACB-4728-A47D-A825916CC542}.Debug|Any CPU.ActiveCfg = Debug|Any CPU
		{65FDA412-8ACB-4728-A47D-A825916CC542}.Debug|Any CPU.Build.0 = Debug|Any CPU
		{65FDA412-8ACB-4728-A47D-A825916CC542}.Release|Any CPU.ActiveCfg = Release|Any CPU
		{65FDA412-8ACB-4728-A47D-A825916CC542}.Release|Any CPU.Build.0 = Release|Any CPU
	EndGlobalSection
	GlobalSection(SolutionProperties) = preSolution
		HideSolutionNode = FALSE
	EndGlobalSection
	GlobalSection(NestedProjects) = preSolution
		{4626921D-8978-4EB8-B2BE-5F1DFD40E701} = {2E6AB716-8C39-436A-9708-1E7948391708}
		{804FD7D2-AF6E-477A-9B33-AA75375A2C71} = {2E6AB716-8C39-436A-9708-1E7948391708}
		{65FDA412-8ACB-4728-A47D-A825916CC542} = {72AB7DF7-67EA-4194-9E3C-365BF5E2CF5E}
	EndGlobalSection
EndGlobal
