
Microsoft Visual Studio Solution File, Format Version 12.00
# Visual Studio 2012
Project("{FAE04EC0-301F-11D3-BF4B-00C04F79EFBC}") = "EventNotifierService", "EventNotifierService\EventNotifierService.csproj", "{C585080D-8A3C-49FD-AAAD-839F860F0824}"
EndProject
Project("{FAE04EC0-301F-11D3-BF4B-00C04F79EFBC}") = "DesktopNotifier", "Plugins\DesktopNotifier\DesktopNotifier.csproj", "{3189A247-E533-4E97-B26C-D065A0117881}"
EndProject
Project("{2150E333-8FDC-42A3-9474-1A3956D46DE8}") = "Plugins", "Plugins", "{75003470-38AB-4CA0-B351-3ACBC534BC6E}"
EndProject
Global
	GlobalSection(SolutionConfigurationPlatforms) = preSolution
		Debug|Any CPU = Debug|Any CPU
		Release|Any CPU = Release|Any CPU
	EndGlobalSection
	GlobalSection(ProjectConfigurationPlatforms) = postSolution
		{C585080D-8A3C-49FD-AAAD-839F860F0824}.Debug|Any CPU.ActiveCfg = Debug|Any CPU
		{C585080D-8A3C-49FD-AAAD-839F860F0824}.Debug|Any CPU.Build.0 = Debug|Any CPU
		{C585080D-8A3C-49FD-AAAD-839F860F0824}.Release|Any CPU.ActiveCfg = Release|Any CPU
		{C585080D-8A3C-49FD-AAAD-839F860F0824}.Release|Any CPU.Build.0 = Release|Any CPU
		{3189A247-E533-4E97-B26C-D065A0117881}.Debug|Any CPU.ActiveCfg = Debug|Any CPU
		{3189A247-E533-4E97-B26C-D065A0117881}.Debug|Any CPU.Build.0 = Debug|Any CPU
		{3189A247-E533-4E97-B26C-D065A0117881}.Release|Any CPU.ActiveCfg = Release|Any CPU
		{3189A247-E533-4E97-B26C-D065A0117881}.Release|Any CPU.Build.0 = Release|Any CPU
	EndGlobalSection
	GlobalSection(SolutionProperties) = preSolution
		HideSolutionNode = FALSE
	EndGlobalSection
	GlobalSection(NestedProjects) = preSolution
		{3189A247-E533-4E97-B26C-D065A0117881} = {75003470-38AB-4CA0-B351-3ACBC534BC6E}
	EndGlobalSection
EndGlobal
