
Microsoft Visual Studio Solution File, Format Version 12.00
# Visual Studio 2012
Project("{FAE04EC0-301F-11D3-BF4B-00C04F79EFBC}") = "EventNotifier.Common", "EventNotifier.Common\EventNotifier.Common.csproj", "{729B860F-6351-4D48-B06C-77B1B6D42DB0}"

EndProject
Project("{2150E333-8FDC-42A3-9474-1A3956D46DE8}") = "NotificationService", "NotificationService", "{BCBFE299-A2BE-4747-9538-1DF66C76362E}"

EndProject
Project("{2150E333-8FDC-42A3-9474-1A3956D46DE8}") = "Plugins", "Plugins", "{75003470-38AB-4CA0-B351-3ACBC534BC6E}"

EndProject
Project("{FAE04EC0-301F-11D3-BF4B-00C04F79EFBC}") = "DesktopNotifier", "Plugins\DesktopNotifier\DesktopNotifier.csproj", "{3189A247-E533-4E97-B26C-D065A0117881}"

EndProject
Project("{FAE04EC0-301F-11D3-BF4B-00C04F79EFBC}") = "Pushbullet", "Plugins\PushBullet\Pushbullet.csproj", "{77605F14-13B1-409A-B577-941DD0871A6F}"

EndProject
Project("{FAE04EC0-301F-11D3-BF4B-00C04F79EFBC}") = "EventNotifier.Service", "EventNotifier.Service\EventNotifier.Service.csproj", "{C585080D-8A3C-49FD-AAAD-839F860F0824}"

EndProject
Project("{2150E333-8FDC-42A3-9474-1A3956D46DE8}") = "Client", "Client", "{78989EB1-8BDF-4D0A-9E0A-564EF4529695}"

EndProject
Project("{2150E333-8FDC-42A3-9474-1A3956D46DE8}") = "Simulators", "Simulators", "{90664108-329C-4B98-A8E2-17AE3EFF77D6}"

EndProject
Project("{FAE04EC0-301F-11D3-BF4B-00C04F79EFBC}") = "CliSimulator", "Simulator\CliSimulator\CliSimulator.csproj", "{93D3C299-1CA5-41F8-8341-36667200FD95}"

EndProject
Project("{FAE04EC0-301F-11D3-BF4B-00C04F79EFBC}") = "WinForms", "Simulator\WinForms\WinForms.csproj", "{64C4E65E-BBF7-4A3D-BBF1-778D4932076C}"

EndProject
Project("{FAE04EC0-301F-11D3-BF4B-00C04F79EFBC}") = "SimulatorCommon", "Simulator\SimulatorCommon\SimulatorCommon.csproj", "{695B9B80-7637-40A6-A21F-EDF1C7BD04BB}"

EndProject
Project("{FAE04EC0-301F-11D3-BF4B-00C04F79EFBC}") = "MessageQueuePublisher", "MessageQueuePublisher\MessageQueuePublisher.csproj", "{93BBB5D7-8F22-47D3-A41A-DD85ACE94829}"

EndProject
Global
	GlobalSection(SolutionConfigurationPlatforms) = preSolution
		Debug|Any CPU = Debug|Any CPU
		Release|Any CPU = Release|Any CPU
	EndGlobalSection
	GlobalSection(ProjectConfigurationPlatforms) = postSolution
		{3189A247-E533-4E97-B26C-D065A0117881}.Debug|Any CPU.ActiveCfg = Debug|Any CPU
		{3189A247-E533-4E97-B26C-D065A0117881}.Debug|Any CPU.Build.0 = Debug|Any CPU
		{3189A247-E533-4E97-B26C-D065A0117881}.Release|Any CPU.ActiveCfg = Release|Any CPU
		{3189A247-E533-4E97-B26C-D065A0117881}.Release|Any CPU.Build.0 = Release|Any CPU
		{64C4E65E-BBF7-4A3D-BBF1-778D4932076C}.Debug|Any CPU.ActiveCfg = Debug|Any CPU
		{64C4E65E-BBF7-4A3D-BBF1-778D4932076C}.Debug|Any CPU.Build.0 = Debug|Any CPU
		{64C4E65E-BBF7-4A3D-BBF1-778D4932076C}.Release|Any CPU.ActiveCfg = Release|Any CPU
		{64C4E65E-BBF7-4A3D-BBF1-778D4932076C}.Release|Any CPU.Build.0 = Release|Any CPU
		{695B9B80-7637-40A6-A21F-EDF1C7BD04BB}.Debug|Any CPU.ActiveCfg = Debug|Any CPU
		{695B9B80-7637-40A6-A21F-EDF1C7BD04BB}.Debug|Any CPU.Build.0 = Debug|Any CPU
		{695B9B80-7637-40A6-A21F-EDF1C7BD04BB}.Release|Any CPU.ActiveCfg = Release|Any CPU
		{695B9B80-7637-40A6-A21F-EDF1C7BD04BB}.Release|Any CPU.Build.0 = Release|Any CPU
		{729B860F-6351-4D48-B06C-77B1B6D42DB0}.Debug|Any CPU.ActiveCfg = Debug|Any CPU
		{729B860F-6351-4D48-B06C-77B1B6D42DB0}.Debug|Any CPU.Build.0 = Debug|Any CPU
		{729B860F-6351-4D48-B06C-77B1B6D42DB0}.Release|Any CPU.ActiveCfg = Release|Any CPU
		{729B860F-6351-4D48-B06C-77B1B6D42DB0}.Release|Any CPU.Build.0 = Release|Any CPU
		{77605F14-13B1-409A-B577-941DD0871A6F}.Debug|Any CPU.ActiveCfg = Debug|Any CPU
		{77605F14-13B1-409A-B577-941DD0871A6F}.Debug|Any CPU.Build.0 = Debug|Any CPU
		{77605F14-13B1-409A-B577-941DD0871A6F}.Release|Any CPU.ActiveCfg = Release|Any CPU
		{77605F14-13B1-409A-B577-941DD0871A6F}.Release|Any CPU.Build.0 = Release|Any CPU
		{93BBB5D7-8F22-47D3-A41A-DD85ACE94829}.Debug|Any CPU.ActiveCfg = Debug|Any CPU
		{93BBB5D7-8F22-47D3-A41A-DD85ACE94829}.Debug|Any CPU.Build.0 = Debug|Any CPU
		{93BBB5D7-8F22-47D3-A41A-DD85ACE94829}.Release|Any CPU.ActiveCfg = Release|Any CPU
		{93BBB5D7-8F22-47D3-A41A-DD85ACE94829}.Release|Any CPU.Build.0 = Release|Any CPU
		{93D3C299-1CA5-41F8-8341-36667200FD95}.Debug|Any CPU.ActiveCfg = Debug|Any CPU
		{93D3C299-1CA5-41F8-8341-36667200FD95}.Debug|Any CPU.Build.0 = Debug|Any CPU
		{93D3C299-1CA5-41F8-8341-36667200FD95}.Release|Any CPU.ActiveCfg = Release|Any CPU
		{93D3C299-1CA5-41F8-8341-36667200FD95}.Release|Any CPU.Build.0 = Release|Any CPU
		{C585080D-8A3C-49FD-AAAD-839F860F0824}.Debug|Any CPU.ActiveCfg = Debug|Any CPU
		{C585080D-8A3C-49FD-AAAD-839F860F0824}.Debug|Any CPU.Build.0 = Debug|Any CPU
		{C585080D-8A3C-49FD-AAAD-839F860F0824}.Release|Any CPU.ActiveCfg = Release|Any CPU
		{C585080D-8A3C-49FD-AAAD-839F860F0824}.Release|Any CPU.Build.0 = Release|Any CPU
		
		
		
		
		
		
		
		
		
		
		
		
		
		
		
		
		
		
		
		
		
		
		
		
		
		
		
		
		
		
		
		
		
	EndGlobalSection
	GlobalSection(NestedProjects) = preSolution
		{75003470-38AB-4CA0-B351-3ACBC534BC6E} = {BCBFE299-A2BE-4747-9538-1DF66C76362E}
		{C585080D-8A3C-49FD-AAAD-839F860F0824} = {BCBFE299-A2BE-4747-9538-1DF66C76362E}
		{3189A247-E533-4E97-B26C-D065A0117881} = {75003470-38AB-4CA0-B351-3ACBC534BC6E}
		{77605F14-13B1-409A-B577-941DD0871A6F} = {75003470-38AB-4CA0-B351-3ACBC534BC6E}
		{90664108-329C-4B98-A8E2-17AE3EFF77D6} = {78989EB1-8BDF-4D0A-9E0A-564EF4529695}
		{93BBB5D7-8F22-47D3-A41A-DD85ACE94829} = {78989EB1-8BDF-4D0A-9E0A-564EF4529695}
		{93D3C299-1CA5-41F8-8341-36667200FD95} = {90664108-329C-4B98-A8E2-17AE3EFF77D6}
		{64C4E65E-BBF7-4A3D-BBF1-778D4932076C} = {90664108-329C-4B98-A8E2-17AE3EFF77D6}
		{695B9B80-7637-40A6-A21F-EDF1C7BD04BB} = {90664108-329C-4B98-A8E2-17AE3EFF77D6}
	EndGlobalSection
	GlobalSection(SolutionProperties) = preSolution

		HideSolutionNode = FALSE

	EndGlobalSection
EndGlobal
