
Microsoft Visual Studio Solution File, Format Version 12.00
# Visual Studio 2012
Project("{FAE04EC0-301F-11D3-BF4B-00C04F79EFBC}") = "FruitHAP.SensorModule.Kaku", "FruitHAP.SensorModule.Kaku\FruitHAP.SensorModule.Kaku.csproj", "{2F4393AE-CBF5-452B-B68A-0F3596892A9B}"
EndProject
Project("{FAE04EC0-301F-11D3-BF4B-00C04F79EFBC}") = "FruitHAP.SensorModule.IpCamera", "FruitHAP.SensorModule.IpCamera\FruitHAP.SensorModule.IpCamera.csproj", "{CAB41A10-14B4-4F82-B44E-DEB857810875}"
EndProject
Global
	GlobalSection(SolutionConfigurationPlatforms) = preSolution
		Debug|Any CPU = Debug|Any CPU
		Release|Any CPU = Release|Any CPU
	EndGlobalSection
	GlobalSection(ProjectConfigurationPlatforms) = postSolution
		{2F4393AE-CBF5-452B-B68A-0F3596892A9B}.Debug|Any CPU.ActiveCfg = Debug|Any CPU
		{2F4393AE-CBF5-452B-B68A-0F3596892A9B}.Debug|Any CPU.Build.0 = Debug|Any CPU
		{2F4393AE-CBF5-452B-B68A-0F3596892A9B}.Release|Any CPU.ActiveCfg = Release|Any CPU
		{2F4393AE-CBF5-452B-B68A-0F3596892A9B}.Release|Any CPU.Build.0 = Release|Any CPU
		{CAB41A10-14B4-4F82-B44E-DEB857810875}.Debug|Any CPU.ActiveCfg = Debug|Any CPU
		{CAB41A10-14B4-4F82-B44E-DEB857810875}.Debug|Any CPU.Build.0 = Debug|Any CPU
		{CAB41A10-14B4-4F82-B44E-DEB857810875}.Release|Any CPU.ActiveCfg = Release|Any CPU
		{CAB41A10-14B4-4F82-B44E-DEB857810875}.Release|Any CPU.Build.0 = Release|Any CPU
	EndGlobalSection
	GlobalSection(SolutionProperties) = preSolution
		HideSolutionNode = FALSE
	EndGlobalSection
EndGlobal
